
Microsoft Visual Studio Solution File, Format Version 12.00
Project("{FAE04EC0-301F-11D3-BF4B-00C04F79EFBC}") = "ImagesWebApi", "ImagesWebApi\ImagesWebApi.csproj", "{D6342810-3949-4682-9AC3-68E2378AB7EF}"
EndProject
Project("{FAE04EC0-301F-11D3-BF4B-00C04F79EFBC}") = "SamuraiApp.Domain", "SamuraiApp.Domain\SamuraiApp.Domain.csproj", "{373FDBFA-7C92-4B05-B1D8-EAC096B291B9}"
EndProject
Project("{FAE04EC0-301F-11D3-BF4B-00C04F79EFBC}") = "SamuraiApp.Data", "SamuraiApp.Data\SamuraiApp.Data.csproj", "{A5B82B52-985E-4CE2-9752-B111DD43C005}"
EndProject
Project("{FAE04EC0-301F-11D3-BF4B-00C04F79EFBC}") = "ConsoleApp", "ConsoleApp\ConsoleApp.csproj", "{1B5CE7CD-D9A5-4B39-86F3-13AAA1ED2FA0}"
EndProject
Global
	GlobalSection(SolutionConfigurationPlatforms) = preSolution
		Debug|Any CPU = Debug|Any CPU
		Release|Any CPU = Release|Any CPU
	EndGlobalSection
	GlobalSection(ProjectConfigurationPlatforms) = postSolution
		{D6342810-3949-4682-9AC3-68E2378AB7EF}.Debug|Any CPU.ActiveCfg = Debug|Any CPU
		{D6342810-3949-4682-9AC3-68E2378AB7EF}.Debug|Any CPU.Build.0 = Debug|Any CPU
		{D6342810-3949-4682-9AC3-68E2378AB7EF}.Release|Any CPU.ActiveCfg = Release|Any CPU
		{D6342810-3949-4682-9AC3-68E2378AB7EF}.Release|Any CPU.Build.0 = Release|Any CPU
		{373FDBFA-7C92-4B05-B1D8-EAC096B291B9}.Debug|Any CPU.ActiveCfg = Debug|Any CPU
		{373FDBFA-7C92-4B05-B1D8-EAC096B291B9}.Debug|Any CPU.Build.0 = Debug|Any CPU
		{373FDBFA-7C92-4B05-B1D8-EAC096B291B9}.Release|Any CPU.ActiveCfg = Release|Any CPU
		{373FDBFA-7C92-4B05-B1D8-EAC096B291B9}.Release|Any CPU.Build.0 = Release|Any CPU
		{A5B82B52-985E-4CE2-9752-B111DD43C005}.Debug|Any CPU.ActiveCfg = Debug|Any CPU
		{A5B82B52-985E-4CE2-9752-B111DD43C005}.Debug|Any CPU.Build.0 = Debug|Any CPU
		{A5B82B52-985E-4CE2-9752-B111DD43C005}.Release|Any CPU.ActiveCfg = Release|Any CPU
		{A5B82B52-985E-4CE2-9752-B111DD43C005}.Release|Any CPU.Build.0 = Release|Any CPU
		{1B5CE7CD-D9A5-4B39-86F3-13AAA1ED2FA0}.Debug|Any CPU.ActiveCfg = Debug|Any CPU
		{1B5CE7CD-D9A5-4B39-86F3-13AAA1ED2FA0}.Debug|Any CPU.Build.0 = Debug|Any CPU
		{1B5CE7CD-D9A5-4B39-86F3-13AAA1ED2FA0}.Release|Any CPU.ActiveCfg = Release|Any CPU
		{1B5CE7CD-D9A5-4B39-86F3-13AAA1ED2FA0}.Release|Any CPU.Build.0 = Release|Any CPU
	EndGlobalSection
EndGlobal
